
Microsoft Visual Studio Solution File, Format Version 12.00
# Visual Studio Version 17
VisualStudioVersion = 17.5.002.0
MinimumVisualStudioVersion = 10.0.40219.1
Project("{9A19103F-16F7-4668-BE54-9A1E7A4F7556}") = "Benchmark", "Benchmark.csproj", "{814E380B-0E57-4966-8015-AED44F9D7411}"
EndProject
Global
	GlobalSection(SolutionConfigurationPlatforms) = preSolution
		Debug|Any CPU = Debug|Any CPU
		Release|Any CPU = Release|Any CPU
	EndGlobalSection
	GlobalSection(ProjectConfigurationPlatforms) = postSolution
		{814E380B-0E57-4966-8015-AED44F9D7411}.Debug|Any CPU.ActiveCfg = Debug|Any CPU
		{814E380B-0E57-4966-8015-AED44F9D7411}.Debug|Any CPU.Build.0 = Debug|Any CPU
		{814E380B-0E57-4966-8015-AED44F9D7411}.Release|Any CPU.ActiveCfg = Release|Any CPU
		{814E380B-0E57-4966-8015-AED44F9D7411}.Release|Any CPU.Build.0 = Release|Any CPU
	EndGlobalSection
	GlobalSection(SolutionProperties) = preSolution
		HideSolutionNode = FALSE
	EndGlobalSection
	GlobalSection(ExtensibilityGlobals) = postSolution
		SolutionGuid = {E5F42E19-49EC-4EB7-BD5D-8E44B1B58904}
	EndGlobalSection
EndGlobal
